// !$*UTF8*$!
{
	archiveVersion = 1;
	classes = {
	};
	objectVersion = 56;
	objects = {

/* Begin PBXBuildFile section */
		77297E192A9200FC0023767E /* NextView.swift in Sources */ = {isa = PBXBuildFile; fileRef = 77297E182A9200FC0023767E /* NextView.swift */; };
		77297E1D2A92044D0023767E /* ItemView.swift in Sources */ = {isa = PBXBuildFile; fileRef = 77297E1C2A92044D0023767E /* ItemView.swift */; };
		77F63F1D2A91234D00FCD6B8 /* SwiftStudyApp.swift in Sources */ = {isa = PBXBuildFile; fileRef = 77F63F1C2A91234D00FCD6B8 /* SwiftStudyApp.swift */; };
		77F63F1F2A91234D00FCD6B8 /* ContentView.swift in Sources */ = {isa = PBXBuildFile; fileRef = 77F63F1E2A91234D00FCD6B8 /* ContentView.swift */; };
		77F63F212A91234E00FCD6B8 /* Assets.xcassets in Resources */ = {isa = PBXBuildFile; fileRef = 77F63F202A91234E00FCD6B8 /* Assets.xcassets */; };
		77F63F242A91234E00FCD6B8 /* Preview Assets.xcassets in Resources */ = {isa = PBXBuildFile; fileRef = 77F63F232A91234E00FCD6B8 /* Preview Assets.xcassets */; };
		77F63F2E2A91234E00FCD6B8 /* SwiftStudyTests.swift in Sources */ = {isa = PBXBuildFile; fileRef = 77F63F2D2A91234E00FCD6B8 /* SwiftStudyTests.swift */; };
		77F63F382A91234E00FCD6B8 /* SwiftStudyUITests.swift in Sources */ = {isa = PBXBuildFile; fileRef = 77F63F372A91234E00FCD6B8 /* SwiftStudyUITests.swift */; };
		77F63F3A2A91234E00FCD6B8 /* SwiftStudyUITestsLaunchTests.swift in Sources */ = {isa = PBXBuildFile; fileRef = 77F63F392A91234E00FCD6B8 /* SwiftStudyUITestsLaunchTests.swift */; };
/* End PBXBuildFile section */

/* Begin PBXContainerItemProxy section */
		77F63F2A2A91234E00FCD6B8 /* PBXContainerItemProxy */ = {
			isa = PBXContainerItemProxy;
			containerPortal = 77F63F112A91234D00FCD6B8 /* Project object */;
			proxyType = 1;
			remoteGlobalIDString = 77F63F182A91234D00FCD6B8;
			remoteInfo = SwiftStudy;
		};
		77F63F342A91234E00FCD6B8 /* PBXContainerItemProxy */ = {
			isa = PBXContainerItemProxy;
			containerPortal = 77F63F112A91234D00FCD6B8 /* Project object */;
			proxyType = 1;
			remoteGlobalIDString = 77F63F182A91234D00FCD6B8;
			remoteInfo = SwiftStudy;
		};
/* End PBXContainerItemProxy section */

/* Begin PBXFileReference section */
		77297E182A9200FC0023767E /* NextView.swift */ = {isa = PBXFileReference; lastKnownFileType = sourcecode.swift; path = NextView.swift; sourceTree = "<group>"; };
		77297E1C2A92044D0023767E /* ItemView.swift */ = {isa = PBXFileReference; lastKnownFileType = sourcecode.swift; path = ItemView.swift; sourceTree = "<group>"; };
		77F63F192A91234D00FCD6B8 /* SwiftStudy.app */ = {isa = PBXFileReference; explicitFileType = wrapper.application; includeInIndex = 0; path = SwiftStudy.app; sourceTree = BUILT_PRODUCTS_DIR; };
		77F63F1C2A91234D00FCD6B8 /* SwiftStudyApp.swift */ = {isa = PBXFileReference; lastKnownFileType = sourcecode.swift; path = SwiftStudyApp.swift; sourceTree = "<group>"; };
		77F63F1E2A91234D00FCD6B8 /* ContentView.swift */ = {isa = PBXFileReference; lastKnownFileType = sourcecode.swift; path = ContentView.swift; sourceTree = "<group>"; };
		77F63F202A91234E00FCD6B8 /* Assets.xcassets */ = {isa = PBXFileReference; lastKnownFileType = folder.assetcatalog; path = Assets.xcassets; sourceTree = "<group>"; };
		77F63F232A91234E00FCD6B8 /* Preview Assets.xcassets */ = {isa = PBXFileReference; lastKnownFileType = folder.assetcatalog; path = "Preview Assets.xcassets"; sourceTree = "<group>"; };
		77F63F292A91234E00FCD6B8 /* SwiftStudyTests.xctest */ = {isa = PBXFileReference; explicitFileType = wrapper.cfbundle; includeInIndex = 0; path = SwiftStudyTests.xctest; sourceTree = BUILT_PRODUCTS_DIR; };
		77F63F2D2A91234E00FCD6B8 /* SwiftStudyTests.swift */ = {isa = PBXFileReference; lastKnownFileType = sourcecode.swift; path = SwiftStudyTests.swift; sourceTree = "<group>"; };
		77F63F332A91234E00FCD6B8 /* SwiftStudyUITests.xctest */ = {isa = PBXFileReference; explicitFileType = wrapper.cfbundle; includeInIndex = 0; path = SwiftStudyUITests.xctest; sourceTree = BUILT_PRODUCTS_DIR; };
		77F63F372A91234E00FCD6B8 /* SwiftStudyUITests.swift */ = {isa = PBXFileReference; lastKnownFileType = sourcecode.swift; path = SwiftStudyUITests.swift; sourceTree = "<group>"; };
		77F63F392A91234E00FCD6B8 /* SwiftStudyUITestsLaunchTests.swift */ = {isa = PBXFileReference; lastKnownFileType = sourcecode.swift; path = SwiftStudyUITestsLaunchTests.swift; sourceTree = "<group>"; };
/* End PBXFileReference section */

/* Begin PBXFrameworksBuildPhase section */
		77F63F162A91234D00FCD6B8 /* Frameworks */ = {
			isa = PBXFrameworksBuildPhase;
			buildActionMask = 2147483647;
			files = (
			);
			runOnlyForDeploymentPostprocessing = 0;
		};
		77F63F262A91234E00FCD6B8 /* Frameworks */ = {
			isa = PBXFrameworksBuildPhase;
			buildActionMask = 2147483647;
			files = (
			);
			runOnlyForDeploymentPostprocessing = 0;
		};
		77F63F302A91234E00FCD6B8 /* Frameworks */ = {
			isa = PBXFrameworksBuildPhase;
			buildActionMask = 2147483647;
			files = (
			);
			runOnlyForDeploymentPostprocessing = 0;
		};
/* End PBXFrameworksBuildPhase section */

/* Begin PBXGroup section */
		77297E172A9200EC0023767E /* View */ = {
			isa = PBXGroup;
			children = (
				77297E182A9200FC0023767E /* NextView.swift */,
				77297E1C2A92044D0023767E /* ItemView.swift */,
			);
			path = View;
			sourceTree = "<group>";
		};
		77F63F102A91234D00FCD6B8 = {
			isa = PBXGroup;
			children = (
				77F63F1B2A91234D00FCD6B8 /* SwiftStudy */,
				77F63F2C2A91234E00FCD6B8 /* SwiftStudyTests */,
				77F63F362A91234E00FCD6B8 /* SwiftStudyUITests */,
				77F63F1A2A91234D00FCD6B8 /* Products */,
			);
			sourceTree = "<group>";
		};
		77F63F1A2A91234D00FCD6B8 /* Products */ = {
			isa = PBXGroup;
			children = (
				77F63F192A91234D00FCD6B8 /* SwiftStudy.app */,
				77F63F292A91234E00FCD6B8 /* SwiftStudyTests.xctest */,
				77F63F332A91234E00FCD6B8 /* SwiftStudyUITests.xctest */,
			);
			name = Products;
			sourceTree = "<group>";
		};
		77F63F1B2A91234D00FCD6B8 /* SwiftStudy */ = {
			isa = PBXGroup;
			children = (
				77297E172A9200EC0023767E /* View */,
				77F63F1C2A91234D00FCD6B8 /* SwiftStudyApp.swift */,
				77F63F1E2A91234D00FCD6B8 /* ContentView.swift */,
				77F63F202A91234E00FCD6B8 /* Assets.xcassets */,
				77F63F222A91234E00FCD6B8 /* Preview Content */,
			);
			path = SwiftStudy;
			sourceTree = "<group>";
		};
		77F63F222A91234E00FCD6B8 /* Preview Content */ = {
			isa = PBXGroup;
			children = (
				77F63F232A91234E00FCD6B8 /* Preview Assets.xcassets */,
			);
			path = "Preview Content";
			sourceTree = "<group>";
		};
		77F63F2C2A91234E00FCD6B8 /* SwiftStudyTests */ = {
			isa = PBXGroup;
			children = (
				77F63F2D2A91234E00FCD6B8 /* SwiftStudyTests.swift */,
			);
			path = SwiftStudyTests;
			sourceTree = "<group>";
		};
		77F63F362A91234E00FCD6B8 /* SwiftStudyUITests */ = {
			isa = PBXGroup;
			children = (
				77F63F372A91234E00FCD6B8 /* SwiftStudyUITests.swift */,
				77F63F392A91234E00FCD6B8 /* SwiftStudyUITestsLaunchTests.swift */,
			);
			path = SwiftStudyUITests;
			sourceTree = "<group>";
		};
/* End PBXGroup section */

/* Begin PBXNativeTarget section */
		77F63F182A91234D00FCD6B8 /* SwiftStudy */ = {
			isa = PBXNativeTarget;
			buildConfigurationList = 77F63F3D2A91234E00FCD6B8 /* Build configuration list for PBXNativeTarget "SwiftStudy" */;
			buildPhases = (
				77F63F152A91234D00FCD6B8 /* Sources */,
				77F63F162A91234D00FCD6B8 /* Frameworks */,
				77F63F172A91234D00FCD6B8 /* Resources */,
			);
			buildRules = (
			);
			dependencies = (
			);
			name = SwiftStudy;
			productName = SwiftStudy;
			productReference = 77F63F192A91234D00FCD6B8 /* SwiftStudy.app */;
			productType = "com.apple.product-type.application";
		};
		77F63F282A91234E00FCD6B8 /* SwiftStudyTests */ = {
			isa = PBXNativeTarget;
			buildConfigurationList = 77F63F402A91234E00FCD6B8 /* Build configuration list for PBXNativeTarget "SwiftStudyTests" */;
			buildPhases = (
				77F63F252A91234E00FCD6B8 /* Sources */,
				77F63F262A91234E00FCD6B8 /* Frameworks */,
				77F63F272A91234E00FCD6B8 /* Resources */,
			);
			buildRules = (
			);
			dependencies = (
				77F63F2B2A91234E00FCD6B8 /* PBXTargetDependency */,
			);
			name = SwiftStudyTests;
			productName = SwiftStudyTests;
			productReference = 77F63F292A91234E00FCD6B8 /* SwiftStudyTests.xctest */;
			productType = "com.apple.product-type.bundle.unit-test";
		};
		77F63F322A91234E00FCD6B8 /* SwiftStudyUITests */ = {
			isa = PBXNativeTarget;
			buildConfigurationList = 77F63F432A91234E00FCD6B8 /* Build configuration list for PBXNativeTarget "SwiftStudyUITests" */;
			buildPhases = (
				77F63F2F2A91234E00FCD6B8 /* Sources */,
				77F63F302A91234E00FCD6B8 /* Frameworks */,
				77F63F312A91234E00FCD6B8 /* Resources */,
			);
			buildRules = (
			);
			dependencies = (
				77F63F352A91234E00FCD6B8 /* PBXTargetDependency */,
			);
			name = SwiftStudyUITests;
			productName = SwiftStudyUITests;
			productReference = 77F63F332A91234E00FCD6B8 /* SwiftStudyUITests.xctest */;
			productType = "com.apple.product-type.bundle.ui-testing";
		};
/* End PBXNativeTarget section */

/* Begin PBXProject section */
		77F63F112A91234D00FCD6B8 /* Project object */ = {
			isa = PBXProject;
			attributes = {
				BuildIndependentTargetsInParallel = 1;
				LastSwiftUpdateCheck = 1430;
				LastUpgradeCheck = 1430;
				TargetAttributes = {
					77F63F182A91234D00FCD6B8 = {
						CreatedOnToolsVersion = 14.3.1;
					};
					77F63F282A91234E00FCD6B8 = {
						CreatedOnToolsVersion = 14.3.1;
						TestTargetID = 77F63F182A91234D00FCD6B8;
					};
					77F63F322A91234E00FCD6B8 = {
						CreatedOnToolsVersion = 14.3.1;
						TestTargetID = 77F63F182A91234D00FCD6B8;
					};
				};
			};
			buildConfigurationList = 77F63F142A91234D00FCD6B8 /* Build configuration list for PBXProject "SwiftStudy" */;
			compatibilityVersion = "Xcode 14.0";
			developmentRegion = en;
			hasScannedForEncodings = 0;
			knownRegions = (
				en,
				Base,
			);
			mainGroup = 77F63F102A91234D00FCD6B8;
			productRefGroup = 77F63F1A2A91234D00FCD6B8 /* Products */;
			projectDirPath = "";
			projectRoot = "";
			targets = (
				77F63F182A91234D00FCD6B8 /* SwiftStudy */,
				77F63F282A91234E00FCD6B8 /* SwiftStudyTests */,
				77F63F322A91234E00FCD6B8 /* SwiftStudyUITests */,
			);
		};
/* End PBXProject section */

/* Begin PBXResourcesBuildPhase section */
		77F63F172A91234D00FCD6B8 /* Resources */ = {
			isa = PBXResourcesBuildPhase;
			buildActionMask = 2147483647;
			files = (
				77F63F242A91234E00FCD6B8 /* Preview Assets.xcassets in Resources */,
				77F63F212A91234E00FCD6B8 /* Assets.xcassets in Resources */,
			);
			runOnlyForDeploymentPostprocessing = 0;
		};
		77F63F272A91234E00FCD6B8 /* Resources */ = {
			isa = PBXResourcesBuildPhase;
			buildActionMask = 2147483647;
			files = (
			);
			runOnlyForDeploymentPostprocessing = 0;
		};
		77F63F312A91234E00FCD6B8 /* Resources */ = {
			isa = PBXResourcesBuildPhase;
			buildActionMask = 2147483647;
			files = (
			);
			runOnlyForDeploymentPostprocessing = 0;
		};
/* End PBXResourcesBuildPhase section */

/* Begin PBXSourcesBuildPhase section */
		77F63F152A91234D00FCD6B8 /* Sources */ = {
			isa = PBXSourcesBuildPhase;
			buildActionMask = 2147483647;
			files = (
				77F63F1F2A91234D00FCD6B8 /* ContentView.swift in Sources */,
				77F63F1D2A91234D00FCD6B8 /* SwiftStudyApp.swift in Sources */,
				77297E192A9200FC0023767E /* NextView.swift in Sources */,
				77297E1D2A92044D0023767E /* ItemView.swift in Sources */,
			);
			runOnlyForDeploymentPostprocessing = 0;
		};
		77F63F252A91234E00FCD6B8 /* Sources */ = {
			isa = PBXSourcesBuildPhase;
			buildActionMask = 2147483647;
			files = (
				77F63F2E2A91234E00FCD6B8 /* SwiftStudyTests.swift in Sources */,
			);
			runOnlyForDeploymentPostprocessing = 0;
		};
		77F63F2F2A91234E00FCD6B8 /* Sources */ = {
			isa = PBXSourcesBuildPhase;
			buildActionMask = 2147483647;
			files = (
				77F63F3A2A91234E00FCD6B8 /* SwiftStudyUITestsLaunchTests.swift in Sources */,
				77F63F382A91234E00FCD6B8 /* SwiftStudyUITests.swift in Sources */,
			);
			runOnlyForDeploymentPostprocessing = 0;
		};
/* End PBXSourcesBuildPhase section */

/* Begin PBXTargetDependency section */
		77F63F2B2A91234E00FCD6B8 /* PBXTargetDependency */ = {
			isa = PBXTargetDependency;
			target = 77F63F182A91234D00FCD6B8 /* SwiftStudy */;
			targetProxy = 77F63F2A2A91234E00FCD6B8 /* PBXContainerItemProxy */;
		};
		77F63F352A91234E00FCD6B8 /* PBXTargetDependency */ = {
			isa = PBXTargetDependency;
			target = 77F63F182A91234D00FCD6B8 /* SwiftStudy */;
			targetProxy = 77F63F342A91234E00FCD6B8 /* PBXContainerItemProxy */;
		};
/* End PBXTargetDependency section */

/* Begin XCBuildConfiguration section */
		77F63F3B2A91234E00FCD6B8 /* Debug */ = {
			isa = XCBuildConfiguration;
			buildSettings = {
				ALWAYS_SEARCH_USER_PATHS = NO;
				CLANG_ANALYZER_NONNULL = YES;
				CLANG_ANALYZER_NUMBER_OBJECT_CONVERSION = YES_AGGRESSIVE;
				CLANG_CXX_LANGUAGE_STANDARD = "gnu++20";
				CLANG_ENABLE_MODULES = YES;
				CLANG_ENABLE_OBJC_ARC = YES;
				CLANG_ENABLE_OBJC_WEAK = YES;
				CLANG_WARN_BLOCK_CAPTURE_AUTORELEASING = YES;
				CLANG_WARN_BOOL_CONVERSION = YES;
				CLANG_WARN_COMMA = YES;
				CLANG_WARN_CONSTANT_CONVERSION = YES;
				CLANG_WARN_DEPRECATED_OBJC_IMPLEMENTATIONS = YES;
				CLANG_WARN_DIRECT_OBJC_ISA_USAGE = YES_ERROR;
				CLANG_WARN_DOCUMENTATION_COMMENTS = YES;
				CLANG_WARN_EMPTY_BODY = YES;
				CLANG_WARN_ENUM_CONVERSION = YES;
				CLANG_WARN_INFINITE_RECURSION = YES;
				CLANG_WARN_INT_CONVERSION = YES;
				CLANG_WARN_NON_LITERAL_NULL_CONVERSION = YES;
				CLANG_WARN_OBJC_IMPLICIT_RETAIN_SELF = YES;
				CLANG_WARN_OBJC_LITERAL_CONVERSION = YES;
				CLANG_WARN_OBJC_ROOT_CLASS = YES_ERROR;
				CLANG_WARN_QUOTED_INCLUDE_IN_FRAMEWORK_HEADER = YES;
				CLANG_WARN_RANGE_LOOP_ANALYSIS = YES;
				CLANG_WARN_STRICT_PROTOTYPES = YES;
				CLANG_WARN_SUSPICIOUS_MOVE = YES;
				CLANG_WARN_UNGUARDED_AVAILABILITY = YES_AGGRESSIVE;
				CLANG_WARN_UNREACHABLE_CODE = YES;
				CLANG_WARN__DUPLICATE_METHOD_MATCH = YES;
				COPY_PHASE_STRIP = NO;
				DEBUG_INFORMATION_FORMAT = dwarf;
				ENABLE_STRICT_OBJC_MSGSEND = YES;
				ENABLE_TESTABILITY = YES;
				GCC_C_LANGUAGE_STANDARD = gnu11;
				GCC_DYNAMIC_NO_PIC = NO;
				GCC_NO_COMMON_BLOCKS = YES;
				GCC_OPTIMIZATION_LEVEL = 0;
				GCC_PREPROCESSOR_DEFINITIONS = (
					"DEBUG=1",
					"$(inherited)",
				);
				GCC_WARN_64_TO_32_BIT_CONVERSION = YES;
				GCC_WARN_ABOUT_RETURN_TYPE = YES_ERROR;
				GCC_WARN_UNDECLARED_SELECTOR = YES;
				GCC_WARN_UNINITIALIZED_AUTOS = YES_AGGRESSIVE;
				GCC_WARN_UNUSED_FUNCTION = YES;
				GCC_WARN_UNUSED_VARIABLE = YES;
				IPHONEOS_DEPLOYMENT_TARGET = 16.4;
				MTL_ENABLE_DEBUG_INFO = INCLUDE_SOURCE;
				MTL_FAST_MATH = YES;
				ONLY_ACTIVE_ARCH = YES;
				SDKROOT = iphoneos;
				SWIFT_ACTIVE_COMPILATION_CONDITIONS = DEBUG;
				SWIFT_OPTIMIZATION_LEVEL = "-Onone";
			};
			name = Debug;
		};
		77F63F3C2A91234E00FCD6B8 /* Release */ = {
			isa = XCBuildConfiguration;
			buildSettings = {
				ALWAYS_SEARCH_USER_PATHS = NO;
				CLANG_ANALYZER_NONNULL = YES;
				CLANG_ANALYZER_NUMBER_OBJECT_CONVERSION = YES_AGGRESSIVE;
				CLANG_CXX_LANGUAGE_STANDARD = "gnu++20";
				CLANG_ENABLE_MODULES = YES;
				CLANG_ENABLE_OBJC_ARC = YES;
				CLANG_ENABLE_OBJC_WEAK = YES;
				CLANG_WARN_BLOCK_CAPTURE_AUTORELEASING = YES;
				CLANG_WARN_BOOL_CONVERSION = YES;
				CLANG_WARN_COMMA = YES;
				CLANG_WARN_CONSTANT_CONVERSION = YES;
				CLANG_WARN_DEPRECATED_OBJC_IMPLEMENTATIONS = YES;
				CLANG_WARN_DIRECT_OBJC_ISA_USAGE = YES_ERROR;
				CLANG_WARN_DOCUMENTATION_COMMENTS = YES;
				CLANG_WARN_EMPTY_BODY = YES;
				CLANG_WARN_ENUM_CONVERSION = YES;
				CLANG_WARN_INFINITE_RECURSION = YES;
				CLANG_WARN_INT_CONVERSION = YES;
				CLANG_WARN_NON_LITERAL_NULL_CONVERSION = YES;
				CLANG_WARN_OBJC_IMPLICIT_RETAIN_SELF = YES;
				CLANG_WARN_OBJC_LITERAL_CONVERSION = YES;
				CLANG_WARN_OBJC_ROOT_CLASS = YES_ERROR;
				CLANG_WARN_QUOTED_INCLUDE_IN_FRAMEWORK_HEADER = YES;
				CLANG_WARN_RANGE_LOOP_ANALYSIS = YES;
				CLANG_WARN_STRICT_PROTOTYPES = YES;
				CLANG_WARN_SUSPICIOUS_MOVE = YES;
				CLANG_WARN_UNGUARDED_AVAILABILITY = YES_AGGRESSIVE;
				CLANG_WARN_UNREACHABLE_CODE = YES;
				CLANG_WARN__DUPLICATE_METHOD_MATCH = YES;
				COPY_PHASE_STRIP = NO;
				DEBUG_INFORMATION_FORMAT = "dwarf-with-dsym";
				ENABLE_NS_ASSERTIONS = NO;
				ENABLE_STRICT_OBJC_MSGSEND = YES;
				GCC_C_LANGUAGE_STANDARD = gnu11;
				GCC_NO_COMMON_BLOCKS = YES;
				GCC_WARN_64_TO_32_BIT_CONVERSION = YES;
				GCC_WARN_ABOUT_RETURN_TYPE = YES_ERROR;
				GCC_WARN_UNDECLARED_SELECTOR = YES;
				GCC_WARN_UNINITIALIZED_AUTOS = YES_AGGRESSIVE;
				GCC_WARN_UNUSED_FUNCTION = YES;
				GCC_WARN_UNUSED_VARIABLE = YES;
				IPHONEOS_DEPLOYMENT_TARGET = 16.4;
				MTL_ENABLE_DEBUG_INFO = NO;
				MTL_FAST_MATH = YES;
				SDKROOT = iphoneos;
				SWIFT_COMPILATION_MODE = wholemodule;
				SWIFT_OPTIMIZATION_LEVEL = "-O";
				VALIDATE_PRODUCT = YES;
			};
			name = Release;
		};
		77F63F3E2A91234E00FCD6B8 /* Debug */ = {
			isa = XCBuildConfiguration;
			buildSettings = {
				ASSETCATALOG_COMPILER_APPICON_NAME = AppIcon;
				ASSETCATALOG_COMPILER_GLOBAL_ACCENT_COLOR_NAME = AccentColor;
				CODE_SIGN_STYLE = Automatic;
				CURRENT_PROJECT_VERSION = 1;
				DEVELOPMENT_ASSET_PATHS = "\"SwiftStudy/Preview Content\"";
				ENABLE_PREVIEWS = YES;
				GENERATE_INFOPLIST_FILE = YES;
				INFOPLIST_KEY_UIApplicationSceneManifest_Generation = YES;
				INFOPLIST_KEY_UIApplicationSupportsIndirectInputEvents = YES;
				INFOPLIST_KEY_UILaunchScreen_Generation = YES;
				INFOPLIST_KEY_UISupportedInterfaceOrientations_iPad = "UIInterfaceOrientationPortrait UIInterfaceOrientationPortraitUpsideDown UIInterfaceOrientationLandscapeLeft UIInterfaceOrientationLandscapeRight";
				INFOPLIST_KEY_UISupportedInterfaceOrientations_iPhone = "UIInterfaceOrientationPortrait UIInterfaceOrientationLandscapeLeft UIInterfaceOrientationLandscapeRight";
				LD_RUNPATH_SEARCH_PATHS = (
					"$(inherited)",
					"@executable_path/Frameworks",
				);
				MARKETING_VERSION = 1.0;
				PRODUCT_BUNDLE_IDENTIFIER = me.SwiftStudy;
				PRODUCT_NAME = "$(TARGET_NAME)";
				SWIFT_EMIT_LOC_STRINGS = YES;
				SWIFT_VERSION = 5.0;
				TARGETED_DEVICE_FAMILY = "1,2";
			};
			name = Debug;
		};
		77F63F3F2A91234E00FCD6B8 /* Release */ = {
			isa = XCBuildConfiguration;
			buildSettings = {
				ASSETCATALOG_COMPILER_APPICON_NAME = AppIcon;
				ASSETCATALOG_COMPILER_GLOBAL_ACCENT_COLOR_NAME = AccentColor;
				CODE_SIGN_STYLE = Automatic;
				CURRENT_PROJECT_VERSION = 1;
				DEVELOPMENT_ASSET_PATHS = "\"SwiftStudy/Preview Content\"";
				ENABLE_PREVIEWS = YES;
				GENERATE_INFOPLIST_FILE = YES;
				INFOPLIST_KEY_UIApplicationSceneManifest_Generation = YES;
				INFOPLIST_KEY_UIApplicationSupportsIndirectInputEvents = YES;
				INFOPLIST_KEY_UILaunchScreen_Generation = YES;
				INFOPLIST_KEY_UISupportedInterfaceOrientations_iPad = "UIInterfaceOrientationPortrait UIInterfaceOrientationPortraitUpsideDown UIInterfaceOrientationLandscapeLeft UIInterfaceOrientationLandscapeRight";
				INFOPLIST_KEY_UISupportedInterfaceOrientations_iPhone = "UIInterfaceOrientationPortrait UIInterfaceOrientationLandscapeLeft UIInterfaceOrientationLandscapeRight";
				LD_RUNPATH_SEARCH_PATHS = (
					"$(inherited)",
					"@executable_path/Frameworks",
				);
				MARKETING_VERSION = 1.0;
				PRODUCT_BUNDLE_IDENTIFIER = me.SwiftStudy;
				PRODUCT_NAME = "$(TARGET_NAME)";
				SWIFT_EMIT_LOC_STRINGS = YES;
				SWIFT_VERSION = 5.0;
				TARGETED_DEVICE_FAMILY = "1,2";
			};
			name = Release;
		};
		77F63F412A91234E00FCD6B8 /* Debug */ = {
			isa = XCBuildConfiguration;
			buildSettings = {
				ALWAYS_EMBED_SWIFT_STANDARD_LIBRARIES = YES;
				BUNDLE_LOADER = "$(TEST_HOST)";
				CODE_SIGN_STYLE = Automatic;
				CURRENT_PROJECT_VERSION = 1;
				GENERATE_INFOPLIST_FILE = YES;
				IPHONEOS_DEPLOYMENT_TARGET = 16.4;
				MARKETING_VERSION = 1.0;
				PRODUCT_BUNDLE_IDENTIFIER = me.SwiftStudyTests;
				PRODUCT_NAME = "$(TARGET_NAME)";
				SWIFT_EMIT_LOC_STRINGS = NO;
				SWIFT_VERSION = 5.0;
				TARGETED_DEVICE_FAMILY = "1,2";
				TEST_HOST = "$(BUILT_PRODUCTS_DIR)/SwiftStudy.app/$(BUNDLE_EXECUTABLE_FOLDER_PATH)/SwiftStudy";
			};
			name = Debug;
		};
		77F63F422A91234E00FCD6B8 /* Release */ = {
			isa = XCBuildConfiguration;
			buildSettings = {
				ALWAYS_EMBED_SWIFT_STANDARD_LIBRARIES = YES;
				BUNDLE_LOADER = "$(TEST_HOST)";
				CODE_SIGN_STYLE = Automatic;
				CURRENT_PROJECT_VERSION = 1;
				GENERATE_INFOPLIST_FILE = YES;
				IPHONEOS_DEPLOYMENT_TARGET = 16.4;
				MARKETING_VERSION = 1.0;
				PRODUCT_BUNDLE_IDENTIFIER = me.SwiftStudyTests;
				PRODUCT_NAME = "$(TARGET_NAME)";
				SWIFT_EMIT_LOC_STRINGS = NO;
				SWIFT_VERSION = 5.0;
				TARGETED_DEVICE_FAMILY = "1,2";
				TEST_HOST = "$(BUILT_PRODUCTS_DIR)/SwiftStudy.app/$(BUNDLE_EXECUTABLE_FOLDER_PATH)/SwiftStudy";
			};
			name = Release;
		};
		77F63F442A91234E00FCD6B8 /* Debug */ = {
			isa = XCBuildConfiguration;
			buildSettings = {
				ALWAYS_EMBED_SWIFT_STANDARD_LIBRARIES = YES;
				CODE_SIGN_STYLE = Automatic;
				CURRENT_PROJECT_VERSION = 1;
				GENERATE_INFOPLIST_FILE = YES;
				MARKETING_VERSION = 1.0;
				PRODUCT_BUNDLE_IDENTIFIER = me.SwiftStudyUITests;
				PRODUCT_NAME = "$(TARGET_NAME)";
				SWIFT_EMIT_LOC_STRINGS = NO;
				SWIFT_VERSION = 5.0;
				TARGETED_DEVICE_FAMILY = "1,2";
				TEST_TARGET_NAME = SwiftStudy;
			};
			name = Debug;
		};
		77F63F452A91234E00FCD6B8 /* Release */ = {
			isa = XCBuildConfiguration;
			buildSettings = {
				ALWAYS_EMBED_SWIFT_STANDARD_LIBRARIES = YES;
				CODE_SIGN_STYLE = Automatic;
				CURRENT_PROJECT_VERSION = 1;
				GENERATE_INFOPLIST_FILE = YES;
				MARKETING_VERSION = 1.0;
				PRODUCT_BUNDLE_IDENTIFIER = me.SwiftStudyUITests;
				PRODUCT_NAME = "$(TARGET_NAME)";
				SWIFT_EMIT_LOC_STRINGS = NO;
				SWIFT_VERSION = 5.0;
				TARGETED_DEVICE_FAMILY = "1,2";
				TEST_TARGET_NAME = SwiftStudy;
			};
			name = Release;
		};
/* End XCBuildConfiguration section */

/* Begin XCConfigurationList section */
		77F63F142A91234D00FCD6B8 /* Build configuration list for PBXProject "SwiftStudy" */ = {
			isa = XCConfigurationList;
			buildConfigurations = (
				77F63F3B2A91234E00FCD6B8 /* Debug */,
				77F63F3C2A91234E00FCD6B8 /* Release */,
			);
			defaultConfigurationIsVisible = 0;
			defaultConfigurationName = Release;
		};
		77F63F3D2A91234E00FCD6B8 /* Build configuration list for PBXNativeTarget "SwiftStudy" */ = {
			isa = XCConfigurationList;
			buildConfigurations = (
				77F63F3E2A91234E00FCD6B8 /* Debug */,
				77F63F3F2A91234E00FCD6B8 /* Release */,
			);
			defaultConfigurationIsVisible = 0;
			defaultConfigurationName = Release;
		};
		77F63F402A91234E00FCD6B8 /* Build configuration list for PBXNativeTarget "SwiftStudyTests" */ = {
			isa = XCConfigurationList;
			buildConfigurations = (
				77F63F412A91234E00FCD6B8 /* Debug */,
				77F63F422A91234E00FCD6B8 /* Release */,
			);
			defaultConfigurationIsVisible = 0;
			defaultConfigurationName = Release;
		};
		77F63F432A91234E00FCD6B8 /* Build configuration list for PBXNativeTarget "SwiftStudyUITests" */ = {
			isa = XCConfigurationList;
			buildConfigurations = (
				77F63F442A91234E00FCD6B8 /* Debug */,
				77F63F452A91234E00FCD6B8 /* Release */,
			);
			defaultConfigurationIsVisible = 0;
			defaultConfigurationName = Release;
		};
/* End XCConfigurationList section */
	};
	rootObject = 77F63F112A91234D00FCD6B8 /* Project object */;
}
